
Microsoft Visual Studio Solution File, Format Version 12.00
# Visual Studio Version 17
VisualStudioVersion = 17.5.33424.131
MinimumVisualStudioVersion = 10.0.40219.1
Project("{FAE04EC0-301F-11D3-BF4B-00C04F79EFBC}") = "TAKEHOME_WEEK7", "TAKEHOME_WEEK7\TAKEHOME_WEEK7.csproj", "{B7260037-05CA-47FA-A648-C62690209484}"
EndProject
Global
	GlobalSection(SolutionConfigurationPlatforms) = preSolution
		Debug|Any CPU = Debug|Any CPU
		Release|Any CPU = Release|Any CPU
	EndGlobalSection
	GlobalSection(ProjectConfigurationPlatforms) = postSolution
		{B7260037-05CA-47FA-A648-C62690209484}.Debug|Any CPU.ActiveCfg = Debug|Any CPU
		{B7260037-05CA-47FA-A648-C62690209484}.Debug|Any CPU.Build.0 = Debug|Any CPU
		{B7260037-05CA-47FA-A648-C62690209484}.Release|Any CPU.ActiveCfg = Release|Any CPU
		{B7260037-05CA-47FA-A648-C62690209484}.Release|Any CPU.Build.0 = Release|Any CPU
	EndGlobalSection
	GlobalSection(SolutionProperties) = preSolution
		HideSolutionNode = FALSE
	EndGlobalSection
	GlobalSection(ExtensibilityGlobals) = postSolution
		SolutionGuid = {587F6BBC-A5F9-4B22-8EA9-5C6FD3CA2A28}
	EndGlobalSection
EndGlobal
