
Microsoft Visual Studio Solution File, Format Version 12.00
# Visual Studio Version 17
VisualStudioVersion = 17.5.33502.453
MinimumVisualStudioVersion = 10.0.40219.1
Project("{FAE04EC0-301F-11D3-BF4B-00C04F79EFBC}") = "TEST_WEEK5", "TEST_WEEK5\TEST_WEEK5.csproj", "{71F0F679-2415-4060-AD7D-5199A1BCEE80}"
EndProject
Global
	GlobalSection(SolutionConfigurationPlatforms) = preSolution
		Debug|Any CPU = Debug|Any CPU
		Release|Any CPU = Release|Any CPU
	EndGlobalSection
	GlobalSection(ProjectConfigurationPlatforms) = postSolution
		{71F0F679-2415-4060-AD7D-5199A1BCEE80}.Debug|Any CPU.ActiveCfg = Debug|Any CPU
		{71F0F679-2415-4060-AD7D-5199A1BCEE80}.Debug|Any CPU.Build.0 = Debug|Any CPU
		{71F0F679-2415-4060-AD7D-5199A1BCEE80}.Release|Any CPU.ActiveCfg = Release|Any CPU
		{71F0F679-2415-4060-AD7D-5199A1BCEE80}.Release|Any CPU.Build.0 = Release|Any CPU
	EndGlobalSection
	GlobalSection(SolutionProperties) = preSolution
		HideSolutionNode = FALSE
	EndGlobalSection
	GlobalSection(ExtensibilityGlobals) = postSolution
		SolutionGuid = {68571F44-3986-4DC1-8020-C21CD1335E9F}
	EndGlobalSection
EndGlobal
