
Microsoft Visual Studio Solution File, Format Version 12.00
# Visual Studio Version 17
VisualStudioVersion = 17.5.33424.131
MinimumVisualStudioVersion = 10.0.40219.1
Project("{FAE04EC0-301F-11D3-BF4B-00C04F79EFBC}") = "TAKEHOME_WEEK3", "TAKEHOME_WEEK3\TAKEHOME_WEEK3.csproj", "{082CE1DB-5BB9-4ACF-8FDB-9E92A109E39A}"
EndProject
Global
	GlobalSection(SolutionConfigurationPlatforms) = preSolution
		Debug|Any CPU = Debug|Any CPU
		Release|Any CPU = Release|Any CPU
	EndGlobalSection
	GlobalSection(ProjectConfigurationPlatforms) = postSolution
		{082CE1DB-5BB9-4ACF-8FDB-9E92A109E39A}.Debug|Any CPU.ActiveCfg = Debug|Any CPU
		{082CE1DB-5BB9-4ACF-8FDB-9E92A109E39A}.Debug|Any CPU.Build.0 = Debug|Any CPU
		{082CE1DB-5BB9-4ACF-8FDB-9E92A109E39A}.Release|Any CPU.ActiveCfg = Release|Any CPU
		{082CE1DB-5BB9-4ACF-8FDB-9E92A109E39A}.Release|Any CPU.Build.0 = Release|Any CPU
	EndGlobalSection
	GlobalSection(SolutionProperties) = preSolution
		HideSolutionNode = FALSE
	EndGlobalSection
	GlobalSection(ExtensibilityGlobals) = postSolution
		SolutionGuid = {3BFE49DE-8581-4691-B08B-E258B423F05E}
	EndGlobalSection
EndGlobal
